
Microsoft Visual Studio Solution File, Format Version 12.00
# Visual Studio 15
VisualStudioVersion = 15.0.26730.10
MinimumVisualStudioVersion = 10.0.40219.1
Project("{9A19103F-16F7-4668-BE54-9A1E7A4F7556}") = "OrientDB.Net.Core", "src\OrientDB.Net.Core\OrientDB.Net.Core.csproj", "{0BDB7BDD-A9AE-4299-9590-98399AD32466}"
EndProject
Project("{9A19103F-16F7-4668-BE54-9A1E7A4F7556}") = "OrientDB.Net.ConnectionProtocols.Binary", "src\OrientDB.Net.ConnectionProtocols.Binary\OrientDB.Net.ConnectionProtocols.Binary.csproj", "{892A0EE7-4AA3-42EC-859D-1BADFF7F4FE8}"
EndProject
Project("{9A19103F-16F7-4668-BE54-9A1E7A4F7556}") = "OrientDB.Net.ConnectionProtocols.Binary.Tests", "src\OrientDB.Net.ConnectionProtocols.Binary.Tests\OrientDB.Net.ConnectionProtocols.Binary.Tests.csproj", "{095D8209-E406-4CED-A6CB-3E6A0A5914C5}"
EndProject
Project("{9A19103F-16F7-4668-BE54-9A1E7A4F7556}") = "OrientDB.Net.Serializers.RecordCSVSerializer", "src\OrientDB.Net.Serializers.RecordCSVSerializer\OrientDB.Net.Serializers.RecordCSVSerializer.csproj", "{96625E7E-42EE-497E-91C0-FFD4FA852451}"
EndProject
Project("{9A19103F-16F7-4668-BE54-9A1E7A4F7556}") = "OrientDB.Net.SqlCommandBuilder", "src\OrientDB.Net.SqlCommandBuilder\OrientDB.Net.SqlCommandBuilder.csproj", "{23AF8522-DE41-44B4-B975-B36DEA9D3266}"
EndProject
Global
	GlobalSection(SolutionConfigurationPlatforms) = preSolution
		Debug|Any CPU = Debug|Any CPU
		Release|Any CPU = Release|Any CPU
	EndGlobalSection
	GlobalSection(ProjectConfigurationPlatforms) = postSolution
		{0BDB7BDD-A9AE-4299-9590-98399AD32466}.Debug|Any CPU.ActiveCfg = Debug|Any CPU
		{0BDB7BDD-A9AE-4299-9590-98399AD32466}.Debug|Any CPU.Build.0 = Debug|Any CPU
		{0BDB7BDD-A9AE-4299-9590-98399AD32466}.Release|Any CPU.ActiveCfg = Release|Any CPU
		{0BDB7BDD-A9AE-4299-9590-98399AD32466}.Release|Any CPU.Build.0 = Release|Any CPU
		{892A0EE7-4AA3-42EC-859D-1BADFF7F4FE8}.Debug|Any CPU.ActiveCfg = Debug|Any CPU
		{892A0EE7-4AA3-42EC-859D-1BADFF7F4FE8}.Debug|Any CPU.Build.0 = Debug|Any CPU
		{892A0EE7-4AA3-42EC-859D-1BADFF7F4FE8}.Release|Any CPU.ActiveCfg = Release|Any CPU
		{892A0EE7-4AA3-42EC-859D-1BADFF7F4FE8}.Release|Any CPU.Build.0 = Release|Any CPU
		{095D8209-E406-4CED-A6CB-3E6A0A5914C5}.Debug|Any CPU.ActiveCfg = Debug|Any CPU
		{095D8209-E406-4CED-A6CB-3E6A0A5914C5}.Debug|Any CPU.Build.0 = Debug|Any CPU
		{095D8209-E406-4CED-A6CB-3E6A0A5914C5}.Release|Any CPU.ActiveCfg = Release|Any CPU
		{095D8209-E406-4CED-A6CB-3E6A0A5914C5}.Release|Any CPU.Build.0 = Release|Any CPU
		{96625E7E-42EE-497E-91C0-FFD4FA852451}.Debug|Any CPU.ActiveCfg = Debug|Any CPU
		{96625E7E-42EE-497E-91C0-FFD4FA852451}.Debug|Any CPU.Build.0 = Debug|Any CPU
		{96625E7E-42EE-497E-91C0-FFD4FA852451}.Release|Any CPU.ActiveCfg = Release|Any CPU
		{96625E7E-42EE-497E-91C0-FFD4FA852451}.Release|Any CPU.Build.0 = Release|Any CPU
		{23AF8522-DE41-44B4-B975-B36DEA9D3266}.Debug|Any CPU.ActiveCfg = Debug|Any CPU
		{23AF8522-DE41-44B4-B975-B36DEA9D3266}.Debug|Any CPU.Build.0 = Debug|Any CPU
		{23AF8522-DE41-44B4-B975-B36DEA9D3266}.Release|Any CPU.ActiveCfg = Release|Any CPU
		{23AF8522-DE41-44B4-B975-B36DEA9D3266}.Release|Any CPU.Build.0 = Release|Any CPU
	EndGlobalSection
	GlobalSection(SolutionProperties) = preSolution
		HideSolutionNode = FALSE
	EndGlobalSection
	GlobalSection(ExtensibilityGlobals) = postSolution
		SolutionGuid = {52DF0D80-AAFF-4DCC-8F81-1C6D364B6B45}
	EndGlobalSection
EndGlobal
