
Microsoft Visual Studio Solution File, Format Version 12.00
# Visual Studio 15
VisualStudioVersion = 15.0.26730.12
MinimumVisualStudioVersion = 10.0.40219.1
Project("{9A19103F-16F7-4668-BE54-9A1E7A4F7556}") = "OrientDB.Net.ConnectionProtocols.Binary", "src\OrientDB.Net.ConnectionProtocols.Binary\OrientDB.Net.ConnectionProtocols.Binary.csproj", "{E4233AA5-8819-485F-812F-864687E025A0}"
EndProject
Project("{9A19103F-16F7-4668-BE54-9A1E7A4F7556}") = "OrientDB.Net.ConnectionProtocols.Binary.Tests", "src\OrientDB.Net.ConnectionProtocols.Binary.Tests\OrientDB.Net.ConnectionProtocols.Binary.Tests.csproj", "{27CDB7A2-8983-4C4E-9B0D-857CBE8D42AB}"
EndProject
Project("{9A19103F-16F7-4668-BE54-9A1E7A4F7556}") = "OrientDB.Net.Core", "src\OrientDB.Net.Core\OrientDB.Net.Core.csproj", "{0BDB7BDD-A9AE-4299-9590-98399AD32466}"
EndProject
Project("{9A19103F-16F7-4668-BE54-9A1E7A4F7556}") = "OrientDB.Net.Serializers.RecordCSVSerializer", "src\OrientDB.Net.Serializers.RecordCSVSerializer\OrientDB.Net.Serializers.RecordCSVSerializer.csproj", "{C3670EFF-26DB-41B6-A7BD-A3D53CB3AF42}"
EndProject
Project("{9A19103F-16F7-4668-BE54-9A1E7A4F7556}") = "OrientDB.Net.SqlCommandBuilder", "src\OrientDB.Net.SqlCommandBuilder\OrientDB.Net.SqlCommandBuilder.csproj", "{EFEDCA4B-1678-4CF8-A03D-4E56B617D3F4}"
EndProject
Global
	GlobalSection(SolutionConfigurationPlatforms) = preSolution
		Debug|Any CPU = Debug|Any CPU
		Release|Any CPU = Release|Any CPU
	EndGlobalSection
	GlobalSection(ProjectConfigurationPlatforms) = postSolution
		{E4233AA5-8819-485F-812F-864687E025A0}.Debug|Any CPU.ActiveCfg = Debug|Any CPU
		{E4233AA5-8819-485F-812F-864687E025A0}.Debug|Any CPU.Build.0 = Debug|Any CPU
		{E4233AA5-8819-485F-812F-864687E025A0}.Release|Any CPU.ActiveCfg = Release|Any CPU
		{E4233AA5-8819-485F-812F-864687E025A0}.Release|Any CPU.Build.0 = Release|Any CPU
		{27CDB7A2-8983-4C4E-9B0D-857CBE8D42AB}.Debug|Any CPU.ActiveCfg = Debug|Any CPU
		{27CDB7A2-8983-4C4E-9B0D-857CBE8D42AB}.Debug|Any CPU.Build.0 = Debug|Any CPU
		{27CDB7A2-8983-4C4E-9B0D-857CBE8D42AB}.Release|Any CPU.ActiveCfg = Release|Any CPU
		{27CDB7A2-8983-4C4E-9B0D-857CBE8D42AB}.Release|Any CPU.Build.0 = Release|Any CPU
		{0BDB7BDD-A9AE-4299-9590-98399AD32466}.Debug|Any CPU.ActiveCfg = Debug|Any CPU
		{0BDB7BDD-A9AE-4299-9590-98399AD32466}.Debug|Any CPU.Build.0 = Debug|Any CPU
		{0BDB7BDD-A9AE-4299-9590-98399AD32466}.Release|Any CPU.ActiveCfg = Release|Any CPU
		{0BDB7BDD-A9AE-4299-9590-98399AD32466}.Release|Any CPU.Build.0 = Release|Any CPU
		{C3670EFF-26DB-41B6-A7BD-A3D53CB3AF42}.Debug|Any CPU.ActiveCfg = Debug|Any CPU
		{C3670EFF-26DB-41B6-A7BD-A3D53CB3AF42}.Debug|Any CPU.Build.0 = Debug|Any CPU
		{C3670EFF-26DB-41B6-A7BD-A3D53CB3AF42}.Release|Any CPU.ActiveCfg = Release|Any CPU
		{C3670EFF-26DB-41B6-A7BD-A3D53CB3AF42}.Release|Any CPU.Build.0 = Release|Any CPU
		{EFEDCA4B-1678-4CF8-A03D-4E56B617D3F4}.Debug|Any CPU.ActiveCfg = Debug|Any CPU
		{EFEDCA4B-1678-4CF8-A03D-4E56B617D3F4}.Debug|Any CPU.Build.0 = Debug|Any CPU
		{EFEDCA4B-1678-4CF8-A03D-4E56B617D3F4}.Release|Any CPU.ActiveCfg = Release|Any CPU
		{EFEDCA4B-1678-4CF8-A03D-4E56B617D3F4}.Release|Any CPU.Build.0 = Release|Any CPU
	EndGlobalSection
	GlobalSection(SolutionProperties) = preSolution
		HideSolutionNode = FALSE
	EndGlobalSection
	GlobalSection(ExtensibilityGlobals) = postSolution
		SolutionGuid = {15F7C5F2-7B47-4496-8C92-44D38B4BE719}
	EndGlobalSection
EndGlobal
